Microsoft Visual Studio Solution File, Format Version 12.00
# Visual Studio Version 16
VisualStudioVersion = 16.0.0.0
MinimumVisualStudioVersion = 16.0.0.0
Project("{9A19103F-16F7-4668-BE54-9A1E7A4F7556}") = "Configinator.Server", "Server\Configinator.Server.csproj", "{6A70710E-D1B5-4B3D-9CA6-B41D8EA81805}"
EndProject
Project("{9A19103F-16F7-4668-BE54-9A1E7A4F7556}") = "Configinator.Client", "Client\Configinator.Client.csproj", "{11BC6815-0560-4CFB-9D75-32D30454FE18}"
EndProject
Project("{9A19103F-16F7-4668-BE54-9A1E7A4F7556}") = "Configinator.Shared", "Shared\Configinator.Shared.csproj", "{D5232D5E-095B-47BD-8E88-FD7B6FB8C4AD}"
EndProject
Global
	GlobalSection(SolutionConfigurationPlatforms) = preSolution
		Debug|Any CPU = Debug|Any CPU
		Debug|x64 = Debug|x64
		Debug|x86 = Debug|x86
		Release|Any CPU = Release|Any CPU
		Release|x64 = Release|x64
		Release|x86 = Release|x86
	EndGlobalSection
	GlobalSection(ProjectConfigurationPlatforms) = postSolution
		{11BC6815-0560-4CFB-9D75-32D30454FE18}.Debug|Any CPU.ActiveCfg = Debug|Any CPU
		{11BC6815-0560-4CFB-9D75-32D30454FE18}.Debug|Any CPU.Build.0 = Debug|Any CPU
		{11BC6815-0560-4CFB-9D75-32D30454FE18}.Debug|x64.ActiveCfg = Debug|Any CPU
		{11BC6815-0560-4CFB-9D75-32D30454FE18}.Debug|x64.Build.0 = Debug|Any CPU
		{11BC6815-0560-4CFB-9D75-32D30454FE18}.Debug|x86.ActiveCfg = Debug|Any CPU
		{11BC6815-0560-4CFB-9D75-32D30454FE18}.Debug|x86.Build.0 = Debug|Any CPU
		{11BC6815-0560-4CFB-9D75-32D30454FE18}.Release|Any CPU.ActiveCfg = Release|Any CPU
		{11BC6815-0560-4CFB-9D75-32D30454FE18}.Release|Any CPU.Build.0 = Release|Any CPU
		{11BC6815-0560-4CFB-9D75-32D30454FE18}.Release|x64.ActiveCfg = Release|Any CPU
		{11BC6815-0560-4CFB-9D75-32D30454FE18}.Release|x64.Build.0 = Release|Any CPU
		{11BC6815-0560-4CFB-9D75-32D30454FE18}.Release|x86.ActiveCfg = Release|Any CPU
		{11BC6815-0560-4CFB-9D75-32D30454FE18}.Release|x86.Build.0 = Release|Any CPU
		{6A70710E-D1B5-4B3D-9CA6-B41D8EA81805}.Debug|Any CPU.ActiveCfg = Debug|Any CPU
		{6A70710E-D1B5-4B3D-9CA6-B41D8EA81805}.Debug|Any CPU.Build.0 = Debug|Any CPU
		{6A70710E-D1B5-4B3D-9CA6-B41D8EA81805}.Debug|x64.ActiveCfg = Debug|Any CPU
		{6A70710E-D1B5-4B3D-9CA6-B41D8EA81805}.Debug|x64.Build.0 = Debug|Any CPU
		{6A70710E-D1B5-4B3D-9CA6-B41D8EA81805}.Debug|x86.ActiveCfg = Debug|Any CPU
		{6A70710E-D1B5-4B3D-9CA6-B41D8EA81805}.Debug|x86.Build.0 = Debug|Any CPU
		{6A70710E-D1B5-4B3D-9CA6-B41D8EA81805}.Release|Any CPU.ActiveCfg = Release|Any CPU
		{6A70710E-D1B5-4B3D-9CA6-B41D8EA81805}.Release|Any CPU.Build.0 = Release|Any CPU
		{6A70710E-D1B5-4B3D-9CA6-B41D8EA81805}.Release|x64.ActiveCfg = Release|Any CPU
		{6A70710E-D1B5-4B3D-9CA6-B41D8EA81805}.Release|x64.Build.0 = Release|Any CPU
		{6A70710E-D1B5-4B3D-9CA6-B41D8EA81805}.Release|x86.ActiveCfg = Release|Any CPU
		{6A70710E-D1B5-4B3D-9CA6-B41D8EA81805}.Release|x86.Build.0 = Release|Any CPU
		{D5232D5E-095B-47BD-8E88-FD7B6FB8C4AD}.Debug|Any CPU.ActiveCfg = Debug|Any CPU
		{D5232D5E-095B-47BD-8E88-FD7B6FB8C4AD}.Debug|Any CPU.Build.0 = Debug|Any CPU
		{D5232D5E-095B-47BD-8E88-FD7B6FB8C4AD}.Debug|x64.ActiveCfg = Debug|Any CPU
		{D5232D5E-095B-47BD-8E88-FD7B6FB8C4AD}.Debug|x64.Build.0 = Debug|Any CPU
		{D5232D5E-095B-47BD-8E88-FD7B6FB8C4AD}.Debug|x86.ActiveCfg = Debug|Any CPU
		{D5232D5E-095B-47BD-8E88-FD7B6FB8C4AD}.Debug|x86.Build.0 = Debug|Any CPU
		{D5232D5E-095B-47BD-8E88-FD7B6FB8C4AD}.Release|Any CPU.ActiveCfg = Release|Any CPU
		{D5232D5E-095B-47BD-8E88-FD7B6FB8C4AD}.Release|Any CPU.Build.0 = Release|Any CPU
		{D5232D5E-095B-47BD-8E88-FD7B6FB8C4AD}.Release|x64.ActiveCfg = Release|Any CPU
		{D5232D5E-095B-47BD-8E88-FD7B6FB8C4AD}.Release|x64.Build.0 = Release|Any CPU
		{D5232D5E-095B-47BD-8E88-FD7B6FB8C4AD}.Release|x86.ActiveCfg = Release|Any CPU
		{D5232D5E-095B-47BD-8E88-FD7B6FB8C4AD}.Release|x86.Build.0 = Release|Any CPU
	EndGlobalSection
	GlobalSection(SolutionProperties) = preSolution
		HideSolutionNode = FALSE
	EndGlobalSection
	GlobalSection(ExtensibilityGlobals) = postSolution
		SolutionGuid = {4B53DEA7-DB48-43C5-9427-7E8F8F39C2CA}
	EndGlobalSection
EndGlobal